<?xml version="1.0" encoding="utf-8"?>
<Project ToolsVersion="4.0" xmlns="http://schemas.microsoft.com/developer/msbuild/2003">
  <ItemGroup>
    <Filter Include="Source Files">
      <UniqueIdentifier>{4FC737F1-C7A5-4376-A066-2A32D752A2FF}</UniqueIdentifier>
      <Extensions>cpp;c;cc;cxx;def;odl;idl;hpj;bat;asm;asmx</Extensions>
    </Filter>
    <Filter Include="Header Files">
      <UniqueIdentifier>{93995380-89BD-4b04-88EB-625FBE52EBFB}</UniqueIdentifier>
      <Extensions>h;hh;hpp;hxx;hm;inl;inc;xsd</Extensions>
    </Filter>
    <Filter Include="Resource Files">
      <UniqueIdentifier>{67DA6AB6-F800-4c08-8B7A-83BB121AAD01}</UniqueIdentifier>
      <Extensions>rc;ico;cur;bmp;dlg;rc2;rct;bin;rgs;gif;jpg;jpeg;jpe;resx;tiff;tif;png;wav;mfcribbon-ms</Extensions>
    </Filter>
    <Filter Include="Source Files\Shaders">
      <UniqueIdentifier>{7b18f8ff-924f-43a8-8c4f-b6c604ac03cd}</UniqueIdentifier>
    </Filter>
    <Filter Include="Header Files\Shaders">
      <UniqueIdentifier>{b1ba7b42-deda-4113-9881-9c72a4265558}</UniqueIdentifier>
    </Filter>
    <Filter Include="Resource Files\Line Shaders">
      <UniqueIdentifier>{5411ccf5-1ebe-49c1-b48a-9d2b078203fb}</UniqueIdentifier>
    </Filter>
    <Filter Include="Resource Files\Light Shaders">
      <UniqueIdentifier>{6b57e36b-9404-423e-b7e3-72b47b19e323}</UniqueIdentifier>
    </Filter>
    <Filter Include="Source Files\Utils">
      <UniqueIdentifier>{c4d7c15c-a47a-445b-bc88-8b9da45c016e}</UniqueIdentifier>
    </Filter>
    <Filter Include="Header Files\Utils">
      <UniqueIdentifier>{45430063-93d1-47bf-8180-9c3c0286df84}</UniqueIdentifier>
    </Filter>
    <Filter Include="Header Files\GeometryGenerators">
      <UniqueIdentifier>{7acfd3b3-2181-408b-add9-cd41fec919fc}</UniqueIdentifier>
    </Filter>
    <Filter Include="Source Files\GeometryGenerators">
      <UniqueIdentifier>{181d0a1c-4a3f-40b5-a4fe-d17f9a444d77}</UniqueIdentifier>
    </Filter>
    <Filter Include="Source Files\GeometryTransformers">
      <UniqueIdentifier>{041165f1-0e0b-4942-a933-4b878a17ed86}</UniqueIdentifier>
    </Filter>
    <Filter Include="Header Files\GeometryTransformers">
      <UniqueIdentifier>{4165753b-6cf4-4b98-9a7d-063be5bfc5e8}</UniqueIdentifier>
    </Filter>
    <Filter Include="Source Files\Graphics">
      <UniqueIdentifier>{6aa2f147-5b8d-4a9c-ba57-9f07f830f851}</UniqueIdentifier>
    </Filter>
    <Filter Include="Header Files\Graphics">
      <UniqueIdentifier>{227ed8e5-6ff7-4a05-8a63-e9580792155e}</UniqueIdentifier>
    </Filter>
  </ItemGroup>
  <ItemGroup>
    <ClCompile Include="App1.cpp">
      <Filter>Source Files</Filter>
    </ClCompile>
    <ClCompile Include="Main.cpp">
      <Filter>Source Files</Filter>
    </ClCompile>
    <ClCompile Include="LightShader.cpp">
      <Filter>Source Files\Shaders</Filter>
    </ClCompile>
    <ClCompile Include="LineShader.cpp">
      <Filter>Source Files\Shaders</Filter>
    </ClCompile>
    <ClCompile Include="Segment.cpp">
      <Filter>Source Files</Filter>
    </ClCompile>
    <ClCompile Include="RandFloatGen.cpp">
      <Filter>Source Files\Utils</Filter>
    </ClCompile>
    <ClCompile Include="MyFloat3.cpp">
      <Filter>Source Files\Utils</Filter>
    </ClCompile>
    <ClCompile Include="JitterForkGenerator.cpp">
      <Filter>Source Files\GeometryGenerators</Filter>
    </ClCompile>
    <ClCompile Include="StreamerGenerator.cpp">
      <Filter>Source Files\GeometryGenerators</Filter>
    </ClCompile>
    <ClCompile Include="Electrifier.cpp">
      <Filter>Source Files\GeometryTransformers</Filter>
    </ClCompile>
    <ClCompile Include="BoxMullerGen.cpp">
      <Filter>Source Files\Utils</Filter>
    </ClCompile>
    <ClCompile Include="PathIdentifier.cpp">
      <Filter>Source Files\GeometryTransformers</Filter>
    </ClCompile>
    <ClCompile Include="DiameterTransformer.cpp">
      <Filter>Source Files\GeometryTransformers</Filter>
    </ClCompile>
    <ClCompile Include="LineMesh.cpp">
      <Filter>Source Files\Graphics</Filter>
    </ClCompile>
    <ClCompile Include="PipelineMgr.cpp">
      <Filter>Source Files</Filter>
    </ClCompile>
    <ClCompile Include="PipelineMgrSettings.cpp">
      <Filter>Source Files</Filter>
    </ClCompile>
    <ClCompile Include="SegmentRemoval.cpp">
      <Filter>Source Files\Utils</Filter>
    </ClCompile>
    <ClCompile Include="DebugCsvWriter.cpp">
      <Filter>Source Files\Utils</Filter>
    </ClCompile>
    <ClCompile Include="LineRenderer.cpp">
      <Filter>Source Files\Graphics</Filter>
    </ClCompile>
    <ClCompile Include="CylinderMesh.cpp">
      <Filter>Source Files\Graphics</Filter>
    </ClCompile>
    <ClCompile Include="CylinderRenderer.cpp">
      <Filter>Source Files\Graphics</Filter>
    </ClCompile>
    <ClCompile Include="SceneObject.cpp">
      <Filter>Source Files\Graphics</Filter>
    </ClCompile>
  </ItemGroup>
  <ItemGroup>
    <ClInclude Include="App1.h">
      <Filter>Header Files</Filter>
    </ClInclude>
    <ClInclude Include="LineShader.h">
      <Filter>Header Files\Shaders</Filter>
    </ClInclude>
    <ClInclude Include="LightShader.h">
      <Filter>Header Files\Shaders</Filter>
    </ClInclude>
    <ClInclude Include="Segment.h">
      <Filter>Header Files</Filter>
    </ClInclude>
    <ClInclude Include="RandFloatGen.h">
      <Filter>Header Files\Utils</Filter>
    </ClInclude>
    <ClInclude Include="MyFloat3.h">
      <Filter>Header Files\Utils</Filter>
    </ClInclude>
    <ClInclude Include="JitterForkGenerator.h">
      <Filter>Header Files\GeometryGenerators</Filter>
    </ClInclude>
    <ClInclude Include="StreamerGenerator.h">
      <Filter>Header Files\GeometryGenerators</Filter>
    </ClInclude>
    <ClInclude Include="Electrifier.h">
      <Filter>Header Files\GeometryTransformers</Filter>
    </ClInclude>
    <ClInclude Include="BoxMullerGen.h">
      <Filter>Header Files\Utils</Filter>
    </ClInclude>
    <ClInclude Include="MyClamp.h">
      <Filter>Header Files\Utils</Filter>
    </ClInclude>
    <ClInclude Include="PathIdentifier.h">
      <Filter>Header Files\GeometryTransformers</Filter>
    </ClInclude>
    <ClInclude Include="MyMath.h">
      <Filter>Header Files\Utils</Filter>
    </ClInclude>
    <ClInclude Include="DiameterTransformer.h">
      <Filter>Header Files\GeometryTransformers</Filter>
    </ClInclude>
    <ClInclude Include="LineMesh.h">
      <Filter>Header Files\Graphics</Filter>
    </ClInclude>
    <ClInclude Include="PipelineMgr.h">
      <Filter>Header Files</Filter>
    </ClInclude>
    <ClInclude Include="PipelineMgrSettings.h">
      <Filter>Header Files</Filter>
    </ClInclude>
    <ClInclude Include="SegmentRemoval.h">
      <Filter>Header Files\Utils</Filter>
    </ClInclude>
    <ClInclude Include="DefaultParameters.h">
      <Filter>Header Files</Filter>
    </ClInclude>
    <ClInclude Include="DebugCsvWriter.h">
      <Filter>Header Files\Utils</Filter>
    </ClInclude>
    <ClInclude Include="LineRenderer.h">
      <Filter>Header Files\Graphics</Filter>
    </ClInclude>
    <ClInclude Include="CylinderMesh.h">
      <Filter>Header Files\Graphics</Filter>
    </ClInclude>
    <ClInclude Include="CylinderRenderer.h">
      <Filter>Header Files\Graphics</Filter>
    </ClInclude>
    <ClInclude Include="MyVectorUtil.h">
      <Filter>Header Files\Utils</Filter>
    </ClInclude>
    <ClInclude Include="SceneObject.h">
      <Filter>Header Files\Graphics</Filter>
    </ClInclude>
  </ItemGroup>
  <ItemGroup>
    <FxCompile Include="light_ps.hlsl">
      <Filter>Resource Files\Light Shaders</Filter>
    </FxCompile>
    <FxCompile Include="light_vs.hlsl">
      <Filter>Resource Files\Light Shaders</Filter>
    </FxCompile>
    <FxCompile Include="line_ps.hlsl">
      <Filter>Resource Files\Line Shaders</Filter>
    </FxCompile>
    <FxCompile Include="line_vs.hlsl">
      <Filter>Resource Files\Line Shaders</Filter>
    </FxCompile>
  </ItemGroup>
</Project>